
Microsoft Visual Studio Solution File, Format Version 12.00
# Visual Studio Version 17
VisualStudioVersion = 17.7.34031.279
MinimumVisualStudioVersion = 10.0.40219.1
Project("{FAE04EC0-301F-11D3-BF4B-00C04F79EFBC}") = "SV", "SV\SV.csproj", "{B923EEBB-A29C-4EE3-B593-1667BF590CF9}"
EndProject
Global
	GlobalSection(SolutionConfigurationPlatforms) = preSolution
		Debug|Any CPU = Debug|Any CPU
		Release|Any CPU = Release|Any CPU
	EndGlobalSection
	GlobalSection(ProjectConfigurationPlatforms) = postSolution
		{B923EEBB-A29C-4EE3-B593-1667BF590CF9}.Debug|Any CPU.ActiveCfg = Debug|Any CPU
		{B923EEBB-A29C-4EE3-B593-1667BF590CF9}.Debug|Any CPU.Build.0 = Debug|Any CPU
		{B923EEBB-A29C-4EE3-B593-1667BF590CF9}.Release|Any CPU.ActiveCfg = Release|Any CPU
		{B923EEBB-A29C-4EE3-B593-1667BF590CF9}.Release|Any CPU.Build.0 = Release|Any CPU
	EndGlobalSection
	GlobalSection(SolutionProperties) = preSolution
		HideSolutionNode = FALSE
	EndGlobalSection
	GlobalSection(ExtensibilityGlobals) = postSolution
		SolutionGuid = {20462430-1D33-483C-BEBA-615669A85EE8}
	EndGlobalSection
EndGlobal
